
Microsoft Visual Studio Solution File, Format Version 12.00
# Visual Studio 14
VisualStudioVersion = 14.0.25420.1
MinimumVisualStudioVersion = 10.0.40219.1
Project("{FAE04EC0-301F-11D3-BF4B-00C04F79EFBC}") = "B2C-WebForms", "B2C-WebForms\B2C-WebForms.csproj", "{F4DCBB3D-3DDF-4A3A-9E2A-78CBF88B2CEE}"
EndProject
Global
	GlobalSection(SolutionConfigurationPlatforms) = preSolution
		Debug|Any CPU = Debug|Any CPU
		Release|Any CPU = Release|Any CPU
	EndGlobalSection
	GlobalSection(ProjectConfigurationPlatforms) = postSolution
		{F4DCBB3D-3DDF-4A3A-9E2A-78CBF88B2CEE}.Debug|Any CPU.ActiveCfg = Debug|Any CPU
		{F4DCBB3D-3DDF-4A3A-9E2A-78CBF88B2CEE}.Debug|Any CPU.Build.0 = Debug|Any CPU
		{F4DCBB3D-3DDF-4A3A-9E2A-78CBF88B2CEE}.Release|Any CPU.ActiveCfg = Release|Any CPU
		{F4DCBB3D-3DDF-4A3A-9E2A-78CBF88B2CEE}.Release|Any CPU.Build.0 = Release|Any CPU
	EndGlobalSection
	GlobalSection(SolutionProperties) = preSolution
		HideSolutionNode = FALSE
	EndGlobalSection
EndGlobal
